
Microsoft Visual Studio Solution File, Format Version 12.00
# Visual Studio Version 17
VisualStudioVersion = 17.11.35312.102
MinimumVisualStudioVersion = 10.0.40219.1
Project("{9A19103F-16F7-4668-BE54-9A1E7A4F7556}") = "InventorySystem", "InventorySystem.csproj", "{DD8671B1-FF6B-4B6C-A800-BC6867DC1D79}"
EndProject
Global
	GlobalSection(SolutionConfigurationPlatforms) = preSolution
		Debug|Any CPU = Debug|Any CPU
		Release|Any CPU = Release|Any CPU
	EndGlobalSection
	GlobalSection(ProjectConfigurationPlatforms) = postSolution
		{DD8671B1-FF6B-4B6C-A800-BC6867DC1D79}.Debug|Any CPU.ActiveCfg = Debug|Any CPU
		{DD8671B1-FF6B-4B6C-A800-BC6867DC1D79}.Debug|Any CPU.Build.0 = Debug|Any CPU
		{DD8671B1-FF6B-4B6C-A800-BC6867DC1D79}.Release|Any CPU.ActiveCfg = Release|Any CPU
		{DD8671B1-FF6B-4B6C-A800-BC6867DC1D79}.Release|Any CPU.Build.0 = Release|Any CPU
	EndGlobalSection
	GlobalSection(SolutionProperties) = preSolution
		HideSolutionNode = FALSE
	EndGlobalSection
	GlobalSection(ExtensibilityGlobals) = postSolution
		SolutionGuid = {C455E01A-0B2C-4C97-AE59-E6387BC8178E}
	EndGlobalSection
EndGlobal
